
Microsoft Visual Studio Solution File, Format Version 12.00
Project("{FAE04EC0-301F-11D3-BF4B-00C04F79EFBC}") = "NewDotnetAlgo", "NewDotnetAlgo\NewDotnetAlgo.csproj", "{AA7D7C69-D867-46A0-8B9E-B4D3115618F2}"
EndProject
Global
	GlobalSection(SolutionConfigurationPlatforms) = preSolution
		Debug|Any CPU = Debug|Any CPU
		Release|Any CPU = Release|Any CPU
	EndGlobalSection
	GlobalSection(ProjectConfigurationPlatforms) = postSolution
		{AA7D7C69-D867-46A0-8B9E-B4D3115618F2}.Debug|Any CPU.ActiveCfg = Debug|Any CPU
		{AA7D7C69-D867-46A0-8B9E-B4D3115618F2}.Debug|Any CPU.Build.0 = Debug|Any CPU
		{AA7D7C69-D867-46A0-8B9E-B4D3115618F2}.Release|Any CPU.ActiveCfg = Release|Any CPU
		{AA7D7C69-D867-46A0-8B9E-B4D3115618F2}.Release|Any CPU.Build.0 = Release|Any CPU
	EndGlobalSection
EndGlobal
